
Microsoft Visual Studio Solution File, Format Version 12.00
Project("{FAE04EC0-301F-11D3-BF4B-00C04F79EFBC}") = "JobSync", "JobSync\JobSync.csproj", "{926CC04B-F2E8-420B-BD6D-664055284AA5}"
EndProject
Project("{FAE04EC0-301F-11D3-BF4B-00C04F79EFBC}") = "Contracts", "Contracts\Contracts.csproj", "{AE465FFB-3DCF-4BC7-9DFF-EFFF079567EA}"
EndProject
Project("{FAE04EC0-301F-11D3-BF4B-00C04F79EFBC}") = "Entities", "Entities\Entities.csproj", "{C5D51C5B-B0AE-4DE5-999E-D43A035D92EC}"
EndProject
Project("{FAE04EC0-301F-11D3-BF4B-00C04F79EFBC}") = "Repository", "Repository\Repository.csproj", "{DD307287-006E-45A1-80A7-451B33D164D6}"
EndProject
Project("{FAE04EC0-301F-11D3-BF4B-00C04F79EFBC}") = "Service.Contracts", "Service.Contracts\Service.Contracts.csproj", "{B8B078A9-C5F3-4A8A-9A0C-0D16767887CD}"
EndProject
Project("{FAE04EC0-301F-11D3-BF4B-00C04F79EFBC}") = "Service", "Service\Service.csproj", "{3DF0E0E2-C053-4513-B2A1-0D3C7247E20A}"
EndProject
Project("{FAE04EC0-301F-11D3-BF4B-00C04F79EFBC}") = "Presentation", "Presentation\Presentation.csproj", "{4EFB441A-9930-4218-B890-67620AAD7F74}"
EndProject
Project("{FAE04EC0-301F-11D3-BF4B-00C04F79EFBC}") = "Shared", "Shared\Shared.csproj", "{59AA3E56-0B5A-4CFB-A5FB-B5D829A9C7FA}"
EndProject
Project("{FAE04EC0-301F-11D3-BF4B-00C04F79EFBC}") = "Validation", "Validation\Validation.csproj", "{1D4C4CE6-2CCC-4CB4-B0C1-26FE2DCA17B8}"
EndProject
Project("{FAE04EC0-301F-11D3-BF4B-00C04F79EFBC}") = "Tests", "Tests\Tests.csproj", "{73BD6491-F8DF-4BE2-8616-1C5FDD943F89}"
EndProject
Project("{FAE04EC0-301F-11D3-BF4B-00C04F79EFBC}") = "ExternalServices", "ExternalServices\ExternalServices.csproj", "{8C8EFE19-C1DF-400D-8CD3-8A03CCDFD257}"
EndProject
Global
	GlobalSection(SolutionConfigurationPlatforms) = preSolution
		Debug|Any CPU = Debug|Any CPU
		Release|Any CPU = Release|Any CPU
	EndGlobalSection
	GlobalSection(ProjectConfigurationPlatforms) = postSolution
		{926CC04B-F2E8-420B-BD6D-664055284AA5}.Debug|Any CPU.ActiveCfg = Debug|Any CPU
		{926CC04B-F2E8-420B-BD6D-664055284AA5}.Debug|Any CPU.Build.0 = Debug|Any CPU
		{926CC04B-F2E8-420B-BD6D-664055284AA5}.Release|Any CPU.ActiveCfg = Release|Any CPU
		{926CC04B-F2E8-420B-BD6D-664055284AA5}.Release|Any CPU.Build.0 = Release|Any CPU
		{AE465FFB-3DCF-4BC7-9DFF-EFFF079567EA}.Debug|Any CPU.ActiveCfg = Debug|Any CPU
		{AE465FFB-3DCF-4BC7-9DFF-EFFF079567EA}.Debug|Any CPU.Build.0 = Debug|Any CPU
		{AE465FFB-3DCF-4BC7-9DFF-EFFF079567EA}.Release|Any CPU.ActiveCfg = Release|Any CPU
		{AE465FFB-3DCF-4BC7-9DFF-EFFF079567EA}.Release|Any CPU.Build.0 = Release|Any CPU
		{C5D51C5B-B0AE-4DE5-999E-D43A035D92EC}.Debug|Any CPU.ActiveCfg = Debug|Any CPU
		{C5D51C5B-B0AE-4DE5-999E-D43A035D92EC}.Debug|Any CPU.Build.0 = Debug|Any CPU
		{C5D51C5B-B0AE-4DE5-999E-D43A035D92EC}.Release|Any CPU.ActiveCfg = Release|Any CPU
		{C5D51C5B-B0AE-4DE5-999E-D43A035D92EC}.Release|Any CPU.Build.0 = Release|Any CPU
		{DD307287-006E-45A1-80A7-451B33D164D6}.Debug|Any CPU.ActiveCfg = Debug|Any CPU
		{DD307287-006E-45A1-80A7-451B33D164D6}.Debug|Any CPU.Build.0 = Debug|Any CPU
		{DD307287-006E-45A1-80A7-451B33D164D6}.Release|Any CPU.ActiveCfg = Release|Any CPU
		{DD307287-006E-45A1-80A7-451B33D164D6}.Release|Any CPU.Build.0 = Release|Any CPU
		{B8B078A9-C5F3-4A8A-9A0C-0D16767887CD}.Debug|Any CPU.ActiveCfg = Debug|Any CPU
		{B8B078A9-C5F3-4A8A-9A0C-0D16767887CD}.Debug|Any CPU.Build.0 = Debug|Any CPU
		{B8B078A9-C5F3-4A8A-9A0C-0D16767887CD}.Release|Any CPU.ActiveCfg = Release|Any CPU
		{B8B078A9-C5F3-4A8A-9A0C-0D16767887CD}.Release|Any CPU.Build.0 = Release|Any CPU
		{3DF0E0E2-C053-4513-B2A1-0D3C7247E20A}.Debug|Any CPU.ActiveCfg = Debug|Any CPU
		{3DF0E0E2-C053-4513-B2A1-0D3C7247E20A}.Debug|Any CPU.Build.0 = Debug|Any CPU
		{3DF0E0E2-C053-4513-B2A1-0D3C7247E20A}.Release|Any CPU.ActiveCfg = Release|Any CPU
		{3DF0E0E2-C053-4513-B2A1-0D3C7247E20A}.Release|Any CPU.Build.0 = Release|Any CPU
		{4EFB441A-9930-4218-B890-67620AAD7F74}.Debug|Any CPU.ActiveCfg = Debug|Any CPU
		{4EFB441A-9930-4218-B890-67620AAD7F74}.Debug|Any CPU.Build.0 = Debug|Any CPU
		{4EFB441A-9930-4218-B890-67620AAD7F74}.Release|Any CPU.ActiveCfg = Release|Any CPU
		{4EFB441A-9930-4218-B890-67620AAD7F74}.Release|Any CPU.Build.0 = Release|Any CPU
		{59AA3E56-0B5A-4CFB-A5FB-B5D829A9C7FA}.Debug|Any CPU.ActiveCfg = Debug|Any CPU
		{59AA3E56-0B5A-4CFB-A5FB-B5D829A9C7FA}.Debug|Any CPU.Build.0 = Debug|Any CPU
		{59AA3E56-0B5A-4CFB-A5FB-B5D829A9C7FA}.Release|Any CPU.ActiveCfg = Release|Any CPU
		{59AA3E56-0B5A-4CFB-A5FB-B5D829A9C7FA}.Release|Any CPU.Build.0 = Release|Any CPU
		{1D4C4CE6-2CCC-4CB4-B0C1-26FE2DCA17B8}.Debug|Any CPU.ActiveCfg = Debug|Any CPU
		{1D4C4CE6-2CCC-4CB4-B0C1-26FE2DCA17B8}.Debug|Any CPU.Build.0 = Debug|Any CPU
		{1D4C4CE6-2CCC-4CB4-B0C1-26FE2DCA17B8}.Release|Any CPU.ActiveCfg = Release|Any CPU
		{1D4C4CE6-2CCC-4CB4-B0C1-26FE2DCA17B8}.Release|Any CPU.Build.0 = Release|Any CPU
		{73BD6491-F8DF-4BE2-8616-1C5FDD943F89}.Debug|Any CPU.ActiveCfg = Debug|Any CPU
		{73BD6491-F8DF-4BE2-8616-1C5FDD943F89}.Debug|Any CPU.Build.0 = Debug|Any CPU
		{73BD6491-F8DF-4BE2-8616-1C5FDD943F89}.Release|Any CPU.ActiveCfg = Release|Any CPU
		{73BD6491-F8DF-4BE2-8616-1C5FDD943F89}.Release|Any CPU.Build.0 = Release|Any CPU
		{8C8EFE19-C1DF-400D-8CD3-8A03CCDFD257}.Debug|Any CPU.ActiveCfg = Debug|Any CPU
		{8C8EFE19-C1DF-400D-8CD3-8A03CCDFD257}.Debug|Any CPU.Build.0 = Debug|Any CPU
		{8C8EFE19-C1DF-400D-8CD3-8A03CCDFD257}.Release|Any CPU.ActiveCfg = Release|Any CPU
		{8C8EFE19-C1DF-400D-8CD3-8A03CCDFD257}.Release|Any CPU.Build.0 = Release|Any CPU
	EndGlobalSection
EndGlobal
